{
  "name": "esi-webpack-plugin",
  "version": "0.0.0",
  "lockfileVersion": 1,
  "requires": true,
  "dependencies": {
    "asap": {
      "version": "1.0.0",
      "resolved": "https://registry.npmjs.org/asap/-/asap-1.0.0.tgz",
      "integrity": "sha1-sqRdpf36ILBJb8N2jMJ8EvqRan0="
    },
    "esi": {
      "version": "0.8.1",
      "resolved": "https://registry.npmjs.org/esi/-/esi-0.8.1.tgz",
      "integrity": "sha1-xjFuZHwm9OfnuA9WD/5iPgmc6HY=",
      "requires": {
        "promise": "5.0.0"
      }
    },
    "promise": {
      "version": "5.0.0",
      "resolved": "https://registry.npmjs.org/promise/-/promise-5.0.0.tgz",
      "integrity": "sha1-rEC3hmvteq95arW3m4AyXgR+wO8=",
      "requires": {
        "asap": "1.0.0"
      }
    },
    "source-list-map": {
      "version": "2.0.0",
      "resolved": "https://registry.npmjs.org/source-list-map/-/source-list-map-2.0.0.tgz",
      "integrity": "sha512-I2UmuJSRr/T8jisiROLU3A3ltr+swpniSmNPI4Ml3ZCX6tVnDsuZzK7F2hl5jTqbZBWCEKlj5HRQiPExXLgE8A=="
    },
    "source-map": {
      "version": "0.5.7",
      "resolved": "https://registry.npmjs.org/source-map/-/source-map-0.5.7.tgz",
      "integrity": "sha1-igOdLRAh0i0eoUyA2OpGi6LvP8w="
    },
    "webpack-sources": {
      "version": "1.0.1",
      "resolved": "https://registry.npmjs.org/webpack-sources/-/webpack-sources-1.0.1.tgz",
      "integrity": "sha512-05tMxipUCwHqYaVS8xc7sYPTly8PzXayRCB4dTxLhWTqlKUiwH6ezmEe0OSreL1c30LAuA3Zqmc+uEBUGFJDjw==",
      "requires": {
        "source-list-map": "2.0.0",
        "source-map": "0.5.7"
      }
    }
  }
}
